
Microsoft Visual Studio Solution File, Format Version 12.00
# Visual Studio Version 17
VisualStudioVersion = 17.4.33110.190
MinimumVisualStudioVersion = 10.0.40219.1
Project("{FAE04EC0-301F-11D3-BF4B-00C04F79EFBC}") = "PruebaObjetosDiccionario", "PruebaObjetosDiccionario\PruebaObjetosDiccionario.csproj", "{D5F97C61-05D4-46A9-917E-D4A94A1BD2B7}"
EndProject
Project("{2150E333-8FDC-42A3-9474-1A3956D46DE8}") = "Elementos de la solución", "Elementos de la solución", "{B743F4FA-E8B8-4F8E-BE41-BDC98E9DC383}"
EndProject
Global
	GlobalSection(SolutionConfigurationPlatforms) = preSolution
		Debug|Any CPU = Debug|Any CPU
		Release|Any CPU = Release|Any CPU
	EndGlobalSection
	GlobalSection(ProjectConfigurationPlatforms) = postSolution
		{D5F97C61-05D4-46A9-917E-D4A94A1BD2B7}.Debug|Any CPU.ActiveCfg = Debug|Any CPU
		{D5F97C61-05D4-46A9-917E-D4A94A1BD2B7}.Debug|Any CPU.Build.0 = Debug|Any CPU
		{D5F97C61-05D4-46A9-917E-D4A94A1BD2B7}.Release|Any CPU.ActiveCfg = Release|Any CPU
		{D5F97C61-05D4-46A9-917E-D4A94A1BD2B7}.Release|Any CPU.Build.0 = Release|Any CPU
	EndGlobalSection
	GlobalSection(SolutionProperties) = preSolution
		HideSolutionNode = FALSE
	EndGlobalSection
	GlobalSection(ExtensibilityGlobals) = postSolution
		SolutionGuid = {11F89721-4633-48EB-9B36-5425EC73A612}
	EndGlobalSection
EndGlobal
